
Microsoft Visual Studio Solution File, Format Version 12.00
# Visual Studio Version 16
VisualStudioVersion = 16.0.30907.101
MinimumVisualStudioVersion = 10.0.40219.1
Project("{FAE04EC0-301F-11D3-BF4B-00C04F79EFBC}") = "TagUIExcelAddIn", "TagUIExcelAddIn.csproj", "{8D5B7FC6-87B9-42AE-80AE-927B4F1457F4}"
EndProject
Global
	GlobalSection(SolutionConfigurationPlatforms) = preSolution
		Debug|Any CPU = Debug|Any CPU
		Release|Any CPU = Release|Any CPU
	EndGlobalSection
	GlobalSection(ProjectConfigurationPlatforms) = postSolution
		{8D5B7FC6-87B9-42AE-80AE-927B4F1457F4}.Debug|Any CPU.ActiveCfg = Debug|Any CPU
		{8D5B7FC6-87B9-42AE-80AE-927B4F1457F4}.Debug|Any CPU.Build.0 = Debug|Any CPU
		{8D5B7FC6-87B9-42AE-80AE-927B4F1457F4}.Release|Any CPU.ActiveCfg = Release|Any CPU
		{8D5B7FC6-87B9-42AE-80AE-927B4F1457F4}.Release|Any CPU.Build.0 = Release|Any CPU
	EndGlobalSection
	GlobalSection(SolutionProperties) = preSolution
		HideSolutionNode = FALSE
	EndGlobalSection
	GlobalSection(ExtensibilityGlobals) = postSolution
		SolutionGuid = {7CBA5DC7-4124-4C48-B343-C0899930FB25}
	EndGlobalSection
EndGlobal
